// !$*UTF8*$!
{
	archiveVersion = 1;
	classes = {
	};
	objectVersion = 50;
	objects = {

/* Begin PBXBuildFile section */
		48B4F9A1241F930C0045E5A3 /* AppDelegate.swift in Sources */ = {isa = PBXBuildFile; fileRef = 48B4F9A0241F930C0045E5A3 /* AppDelegate.swift */; };
		48B4F9A3241F930C0045E5A3 /* SceneDelegate.swift in Sources */ = {isa = PBXBuildFile; fileRef = 48B4F9A2241F930C0045E5A3 /* SceneDelegate.swift */; };
		48B4F9A5241F930C0045E5A3 /* ContentView.swift in Sources */ = {isa = PBXBuildFile; fileRef = 48B4F9A4241F930C0045E5A3 /* ContentView.swift */; };
		48B4F9A7241F930D0045E5A3 /* Assets.xcassets in Resources */ = {isa = PBXBuildFile; fileRef = 48B4F9A6241F930D0045E5A3 /* Assets.xcassets */; };
		48B4F9AA241F930D0045E5A3 /* Preview Assets.xcassets in Resources */ = {isa = PBXBuildFile; fileRef = 48B4F9A9241F930D0045E5A3 /* Preview Assets.xcassets */; };
		48B4F9AD241F930D0045E5A3 /* LaunchScreen.storyboard in Resources */ = {isa = PBXBuildFile; fileRef = 48B4F9AB241F930D0045E5A3 /* LaunchScreen.storyboard */; };
		48B4F9B5241F93870045E5A3 /* Model.swift in Sources */ = {isa = PBXBuildFile; fileRef = 48B4F9B4241F93870045E5A3 /* Model.swift */; };
		48B4F9B7241F93AC0045E5A3 /* Identifier.swift in Sources */ = {isa = PBXBuildFile; fileRef = 48B4F9B6241F93AC0045E5A3 /* Identifier.swift */; };
		48B4F9B9241F971E0045E5A3 /* example.json in Resources */ = {isa = PBXBuildFile; fileRef = 48B4F9B8241F971E0045E5A3 /* example.json */; };
/* End PBXBuildFile section */

/* Begin PBXFileReference section */
		48B4F99D241F930C0045E5A3 /* TypedIDExample.app */ = {isa = PBXFileReference; explicitFileType = wrapper.application; includeInIndex = 0; path = TypedIDExample.app; sourceTree = BUILT_PRODUCTS_DIR; };
		48B4F9A0241F930C0045E5A3 /* AppDelegate.swift */ = {isa = PBXFileReference; lastKnownFileType = sourcecode.swift; path = AppDelegate.swift; sourceTree = "<group>"; };
		48B4F9A2241F930C0045E5A3 /* SceneDelegate.swift */ = {isa = PBXFileReference; lastKnownFileType = sourcecode.swift; path = SceneDelegate.swift; sourceTree = "<group>"; };
		48B4F9A4241F930C0045E5A3 /* ContentView.swift */ = {isa = PBXFileReference; lastKnownFileType = sourcecode.swift; path = ContentView.swift; sourceTree = "<group>"; };
		48B4F9A6241F930D0045E5A3 /* Assets.xcassets */ = {isa = PBXFileReference; lastKnownFileType = folder.assetcatalog; path = Assets.xcassets; sourceTree = "<group>"; };
		48B4F9A9241F930D0045E5A3 /* Preview Assets.xcassets */ = {isa = PBXFileReference; lastKnownFileType = folder.assetcatalog; path = "Preview Assets.xcassets"; sourceTree = "<group>"; };
		48B4F9AC241F930D0045E5A3 /* Base */ = {isa = PBXFileReference; lastKnownFileType = file.storyboard; name = Base; path = Base.lproj/LaunchScreen.storyboard; sourceTree = "<group>"; };
		48B4F9AE241F930D0045E5A3 /* Info.plist */ = {isa = PBXFileReference; lastKnownFileType = text.plist.xml; path = Info.plist; sourceTree = "<group>"; };
		48B4F9B4241F93870045E5A3 /* Model.swift */ = {isa = PBXFileReference; lastKnownFileType = sourcecode.swift; path = Model.swift; sourceTree = "<group>"; };
		48B4F9B6241F93AC0045E5A3 /* Identifier.swift */ = {isa = PBXFileReference; lastKnownFileType = sourcecode.swift; path = Identifier.swift; sourceTree = "<group>"; };
		48B4F9B8241F971E0045E5A3 /* example.json */ = {isa = PBXFileReference; fileEncoding = 4; lastKnownFileType = text.json; path = example.json; sourceTree = "<group>"; };
/* End PBXFileReference section */

/* Begin PBXFrameworksBuildPhase section */
		48B4F99A241F930C0045E5A3 /* Frameworks */ = {
			isa = PBXFrameworksBuildPhase;
			buildActionMask = 2147483647;
			files = (
			);
			runOnlyForDeploymentPostprocessing = 0;
		};
/* End PBXFrameworksBuildPhase section */

/* Begin PBXGroup section */
		48B4F994241F930C0045E5A3 = {
			isa = PBXGroup;
			children = (
				48B4F99F241F930C0045E5A3 /* TypedIDExample */,
				48B4F99E241F930C0045E5A3 /* Products */,
			);
			sourceTree = "<group>";
		};
		48B4F99E241F930C0045E5A3 /* Products */ = {
			isa = PBXGroup;
			children = (
				48B4F99D241F930C0045E5A3 /* TypedIDExample.app */,
			);
			name = Products;
			sourceTree = "<group>";
		};
		48B4F99F241F930C0045E5A3 /* TypedIDExample */ = {
			isa = PBXGroup;
			children = (
				48B4F9B8241F971E0045E5A3 /* example.json */,
				48B4F9A0241F930C0045E5A3 /* AppDelegate.swift */,
				48B4F9A2241F930C0045E5A3 /* SceneDelegate.swift */,
				48B4F9A4241F930C0045E5A3 /* ContentView.swift */,
				48B4F9B6241F93AC0045E5A3 /* Identifier.swift */,
				48B4F9B4241F93870045E5A3 /* Model.swift */,
				48B4F9A6241F930D0045E5A3 /* Assets.xcassets */,
				48B4F9AB241F930D0045E5A3 /* LaunchScreen.storyboard */,
				48B4F9AE241F930D0045E5A3 /* Info.plist */,
				48B4F9A8241F930D0045E5A3 /* Preview Content */,
			);
			path = TypedIDExample;
			sourceTree = "<group>";
		};
		48B4F9A8241F930D0045E5A3 /* Preview Content */ = {
			isa = PBXGroup;
			children = (
				48B4F9A9241F930D0045E5A3 /* Preview Assets.xcassets */,
			);
			path = "Preview Content";
			sourceTree = "<group>";
		};
/* End PBXGroup section */

/* Begin PBXNativeTarget section */
		48B4F99C241F930C0045E5A3 /* TypedIDExample */ = {
			isa = PBXNativeTarget;
			buildConfigurationList = 48B4F9B1241F930D0045E5A3 /* Build configuration list for PBXNativeTarget "TypedIDExample" */;
			buildPhases = (
				48B4F999241F930C0045E5A3 /* Sources */,
				48B4F99A241F930C0045E5A3 /* Frameworks */,
				48B4F99B241F930C0045E5A3 /* Resources */,
			);
			buildRules = (
			);
			dependencies = (
			);
			name = TypedIDExample;
			productName = TypedIDExample;
			productReference = 48B4F99D241F930C0045E5A3 /* TypedIDExample.app */;
			productType = "com.apple.product-type.application";
		};
/* End PBXNativeTarget section */

/* Begin PBXProject section */
		48B4F995241F930C0045E5A3 /* Project object */ = {
			isa = PBXProject;
			attributes = {
				LastSwiftUpdateCheck = 1130;
				LastUpgradeCheck = 1130;
				ORGANIZATIONNAME = TLG;
				TargetAttributes = {
					48B4F99C241F930C0045E5A3 = {
						CreatedOnToolsVersion = 11.3.1;
					};
				};
			};
			buildConfigurationList = 48B4F998241F930C0045E5A3 /* Build configuration list for PBXProject "TypedIDExample" */;
			compatibilityVersion = "Xcode 9.3";
			developmentRegion = en;
			hasScannedForEncodings = 0;
			knownRegions = (
				en,
				Base,
			);
			mainGroup = 48B4F994241F930C0045E5A3;
			productRefGroup = 48B4F99E241F930C0045E5A3 /* Products */;
			projectDirPath = "";
			projectRoot = "";
			targets = (
				48B4F99C241F930C0045E5A3 /* TypedIDExample */,
			);
		};
/* End PBXProject section */

/* Begin PBXResourcesBuildPhase section */
		48B4F99B241F930C0045E5A3 /* Resources */ = {
			isa = PBXResourcesBuildPhase;
			buildActionMask = 2147483647;
			files = (
				48B4F9B9241F971E0045E5A3 /* example.json in Resources */,
				48B4F9AD241F930D0045E5A3 /* LaunchScreen.storyboard in Resources */,
				48B4F9AA241F930D0045E5A3 /* Preview Assets.xcassets in Resources */,
				48B4F9A7241F930D0045E5A3 /* Assets.xcassets in Resources */,
			);
			runOnlyForDeploymentPostprocessing = 0;
		};
/* End PBXResourcesBuildPhase section */

/* Begin PBXSourcesBuildPhase section */
		48B4F999241F930C0045E5A3 /* Sources */ = {
			isa = PBXSourcesBuildPhase;
			buildActionMask = 2147483647;
			files = (
				48B4F9A1241F930C0045E5A3 /* AppDelegate.swift in Sources */,
				48B4F9B7241F93AC0045E5A3 /* Identifier.swift in Sources */,
				48B4F9A3241F930C0045E5A3 /* SceneDelegate.swift in Sources */,
				48B4F9A5241F930C0045E5A3 /* ContentView.swift in Sources */,
				48B4F9B5241F93870045E5A3 /* Model.swift in Sources */,
			);
			runOnlyForDeploymentPostprocessing = 0;
		};
/* End PBXSourcesBuildPhase section */

/* Begin PBXVariantGroup section */
		48B4F9AB241F930D0045E5A3 /* LaunchScreen.storyboard */ = {
			isa = PBXVariantGroup;
			children = (
				48B4F9AC241F930D0045E5A3 /* Base */,
			);
			name = LaunchScreen.storyboard;
			sourceTree = "<group>";
		};
/* End PBXVariantGroup section */

/* Begin XCBuildConfiguration section */
		48B4F9AF241F930D0045E5A3 /* Debug */ = {
			isa = XCBuildConfiguration;
			buildSettings = {
				ALWAYS_SEARCH_USER_PATHS = NO;
				CLANG_ANALYZER_NONNULL = YES;
				CLANG_ANALYZER_NUMBER_OBJECT_CONVERSION = YES_AGGRESSIVE;
				CLANG_CXX_LANGUAGE_STANDARD = "gnu++14";
				CLANG_CXX_LIBRARY = "libc++";
				CLANG_ENABLE_MODULES = YES;
				CLANG_ENABLE_OBJC_ARC = YES;
				CLANG_ENABLE_OBJC_WEAK = YES;
				CLANG_WARN_BLOCK_CAPTURE_AUTORELEASING = YES;
				CLANG_WARN_BOOL_CONVERSION = YES;
				CLANG_WARN_COMMA = YES;
				CLANG_WARN_CONSTANT_CONVERSION = YES;
				CLANG_WARN_DEPRECATED_OBJC_IMPLEMENTATIONS = YES;
				CLANG_WARN_DIRECT_OBJC_ISA_USAGE = YES_ERROR;
				CLANG_WARN_DOCUMENTATION_COMMENTS = YES;
				CLANG_WARN_EMPTY_BODY = YES;
				CLANG_WARN_ENUM_CONVERSION = YES;
				CLANG_WARN_INFINITE_RECURSION = YES;
				CLANG_WARN_INT_CONVERSION = YES;
				CLANG_WARN_NON_LITERAL_NULL_CONVERSION = YES;
				CLANG_WARN_OBJC_IMPLICIT_RETAIN_SELF = YES;
				CLANG_WARN_OBJC_LITERAL_CONVERSION = YES;
				CLANG_WARN_OBJC_ROOT_CLASS = YES_ERROR;
				CLANG_WARN_RANGE_LOOP_ANALYSIS = YES;
				CLANG_WARN_STRICT_PROTOTYPES = YES;
				CLANG_WARN_SUSPICIOUS_MOVE = YES;
				CLANG_WARN_UNGUARDED_AVAILABILITY = YES_AGGRESSIVE;
				CLANG_WARN_UNREACHABLE_CODE = YES;
				CLANG_WARN__DUPLICATE_METHOD_MATCH = YES;
				COPY_PHASE_STRIP = NO;
				DEBUG_INFORMATION_FORMAT = dwarf;
				ENABLE_STRICT_OBJC_MSGSEND = YES;
				ENABLE_TESTABILITY = YES;
				GCC_C_LANGUAGE_STANDARD = gnu11;
				GCC_DYNAMIC_NO_PIC = NO;
				GCC_NO_COMMON_BLOCKS = YES;
				GCC_OPTIMIZATION_LEVEL = 0;
				GCC_PREPROCESSOR_DEFINITIONS = (
					"DEBUG=1",
					"$(inherited)",
				);
				GCC_WARN_64_TO_32_BIT_CONVERSION = YES;
				GCC_WARN_ABOUT_RETURN_TYPE = YES_ERROR;
				GCC_WARN_UNDECLARED_SELECTOR = YES;
				GCC_WARN_UNINITIALIZED_AUTOS = YES_AGGRESSIVE;
				GCC_WARN_UNUSED_FUNCTION = YES;
				GCC_WARN_UNUSED_VARIABLE = YES;
				IPHONEOS_DEPLOYMENT_TARGET = 13.2;
				MTL_ENABLE_DEBUG_INFO = INCLUDE_SOURCE;
				MTL_FAST_MATH = YES;
				ONLY_ACTIVE_ARCH = YES;
				SDKROOT = iphoneos;
				SWIFT_ACTIVE_COMPILATION_CONDITIONS = DEBUG;
				SWIFT_OPTIMIZATION_LEVEL = "-Onone";
			};
			name = Debug;
		};
		48B4F9B0241F930D0045E5A3 /* Release */ = {
			isa = XCBuildConfiguration;
			buildSettings = {
				ALWAYS_SEARCH_USER_PATHS = NO;
				CLANG_ANALYZER_NONNULL = YES;
				CLANG_ANALYZER_NUMBER_OBJECT_CONVERSION = YES_AGGRESSIVE;
				CLANG_CXX_LANGUAGE_STANDARD = "gnu++14";
				CLANG_CXX_LIBRARY = "libc++";
				CLANG_ENABLE_MODULES = YES;
				CLANG_ENABLE_OBJC_ARC = YES;
				CLANG_ENABLE_OBJC_WEAK = YES;
				CLANG_WARN_BLOCK_CAPTURE_AUTORELEASING = YES;
				CLANG_WARN_BOOL_CONVERSION = YES;
				CLANG_WARN_COMMA = YES;
				CLANG_WARN_CONSTANT_CONVERSION = YES;
				CLANG_WARN_DEPRECATED_OBJC_IMPLEMENTATIONS = YES;
				CLANG_WARN_DIRECT_OBJC_ISA_USAGE = YES_ERROR;
				CLANG_WARN_DOCUMENTATION_COMMENTS = YES;
				CLANG_WARN_EMPTY_BODY = YES;
				CLANG_WARN_ENUM_CONVERSION = YES;
				CLANG_WARN_INFINITE_RECURSION = YES;
				CLANG_WARN_INT_CONVERSION = YES;
				CLANG_WARN_NON_LITERAL_NULL_CONVERSION = YES;
				CLANG_WARN_OBJC_IMPLICIT_RETAIN_SELF = YES;
				CLANG_WARN_OBJC_LITERAL_CONVERSION = YES;
				CLANG_WARN_OBJC_ROOT_CLASS = YES_ERROR;
				CLANG_WARN_RANGE_LOOP_ANALYSIS = YES;
				CLANG_WARN_STRICT_PROTOTYPES = YES;
				CLANG_WARN_SUSPICIOUS_MOVE = YES;
				CLANG_WARN_UNGUARDED_AVAILABILITY = YES_AGGRESSIVE;
				CLANG_WARN_UNREACHABLE_CODE = YES;
				CLANG_WARN__DUPLICATE_METHOD_MATCH = YES;
				COPY_PHASE_STRIP = NO;
				DEBUG_INFORMATION_FORMAT = "dwarf-with-dsym";
				ENABLE_NS_ASSERTIONS = NO;
				ENABLE_STRICT_OBJC_MSGSEND = YES;
				GCC_C_LANGUAGE_STANDARD = gnu11;
				GCC_NO_COMMON_BLOCKS = YES;
				GCC_WARN_64_TO_32_BIT_CONVERSION = YES;
				GCC_WARN_ABOUT_RETURN_TYPE = YES_ERROR;
				GCC_WARN_UNDECLARED_SELECTOR = YES;
				GCC_WARN_UNINITIALIZED_AUTOS = YES_AGGRESSIVE;
				GCC_WARN_UNUSED_FUNCTION = YES;
				GCC_WARN_UNUSED_VARIABLE = YES;
				IPHONEOS_DEPLOYMENT_TARGET = 13.2;
				MTL_ENABLE_DEBUG_INFO = NO;
				MTL_FAST_MATH = YES;
				SDKROOT = iphoneos;
				SWIFT_COMPILATION_MODE = wholemodule;
				SWIFT_OPTIMIZATION_LEVEL = "-O";
				VALIDATE_PRODUCT = YES;
			};
			name = Release;
		};
		48B4F9B2241F930D0045E5A3 /* Debug */ = {
			isa = XCBuildConfiguration;
			buildSettings = {
				ASSETCATALOG_COMPILER_APPICON_NAME = AppIcon;
				CODE_SIGN_STYLE = Automatic;
				DEVELOPMENT_ASSET_PATHS = "\"TypedIDExample/Preview Content\"";
				DEVELOPMENT_TEAM = V7YC86WKK9;
				ENABLE_PREVIEWS = YES;
				INFOPLIST_FILE = TypedIDExample/Info.plist;
				LD_RUNPATH_SEARCH_PATHS = (
					"$(inherited)",
					"@executable_path/Frameworks",
				);
				PRODUCT_BUNDLE_IDENTIFIER = com.tlg.TypedIDExample;
				PRODUCT_NAME = "$(TARGET_NAME)";
				SWIFT_VERSION = 5.0;
				TARGETED_DEVICE_FAMILY = "1,2";
			};
			name = Debug;
		};
		48B4F9B3241F930D0045E5A3 /* Release */ = {
			isa = XCBuildConfiguration;
			buildSettings = {
				ASSETCATALOG_COMPILER_APPICON_NAME = AppIcon;
				CODE_SIGN_STYLE = Automatic;
				DEVELOPMENT_ASSET_PATHS = "\"TypedIDExample/Preview Content\"";
				DEVELOPMENT_TEAM = V7YC86WKK9;
				ENABLE_PREVIEWS = YES;
				INFOPLIST_FILE = TypedIDExample/Info.plist;
				LD_RUNPATH_SEARCH_PATHS = (
					"$(inherited)",
					"@executable_path/Frameworks",
				);
				PRODUCT_BUNDLE_IDENTIFIER = com.tlg.TypedIDExample;
				PRODUCT_NAME = "$(TARGET_NAME)";
				SWIFT_VERSION = 5.0;
				TARGETED_DEVICE_FAMILY = "1,2";
			};
			name = Release;
		};
/* End XCBuildConfiguration section */

/* Begin XCConfigurationList section */
		48B4F998241F930C0045E5A3 /* Build configuration list for PBXProject "TypedIDExample" */ = {
			isa = XCConfigurationList;
			buildConfigurations = (
				48B4F9AF241F930D0045E5A3 /* Debug */,
				48B4F9B0241F930D0045E5A3 /* Release */,
			);
			defaultConfigurationIsVisible = 0;
			defaultConfigurationName = Release;
		};
		48B4F9B1241F930D0045E5A3 /* Build configuration list for PBXNativeTarget "TypedIDExample" */ = {
			isa = XCConfigurationList;
			buildConfigurations = (
				48B4F9B2241F930D0045E5A3 /* Debug */,
				48B4F9B3241F930D0045E5A3 /* Release */,
			);
			defaultConfigurationIsVisible = 0;
			defaultConfigurationName = Release;
		};
/* End XCConfigurationList section */
	};
	rootObject = 48B4F995241F930C0045E5A3 /* Project object */;
}
